// !$*UTF8*$!
{
	archiveVersion = 1;
	classes = {
	};
	objectVersion = 48;
	objects = {

/* Begin PBXBuildFile section */
		860B33ED1F8917A5002AECAB /* main.cpp in Sources */ = {isa = PBXBuildFile; fileRef = 860B33EC1F8917A5002AECAB /* main.cpp */; };
		860B33F91F891DCB002AECAB /* tdate.cpp in Sources */ = {isa = PBXBuildFile; fileRef = 860B33F81F891DCB002AECAB /* tdate.cpp */; };
		860B33FB1F891DFD002AECAB /* ttime.cpp in Sources */ = {isa = PBXBuildFile; fileRef = 860B33FA1F891DFD002AECAB /* ttime.cpp */; };
		868A132D1FAA41D50015B995 /* tevent.cpp in Sources */ = {isa = PBXBuildFile; fileRef = 868A132C1FAA41D50015B995 /* tevent.cpp */; };
		868A13301FAA48500015B995 /* tevents.cpp in Sources */ = {isa = PBXBuildFile; fileRef = 868A132F1FAA48500015B995 /* tevents.cpp */; };
		86B16E1B1F97C04400BA6C2A /* taddress.cpp in Sources */ = {isa = PBXBuildFile; fileRef = 86B16E1A1F97C04400BA6C2A /* taddress.cpp */; };
		86B16E1E1F97C47200BA6C2A /* tperson.cpp in Sources */ = {isa = PBXBuildFile; fileRef = 86B16E1D1F97C47200BA6C2A /* tperson.cpp */; };
		86B1AD561F910A2A0050040C /* troom.cpp in Sources */ = {isa = PBXBuildFile; fileRef = 86B1AD551F910A2A0050040C /* troom.cpp */; };
		86B1AD591F910EE60050040C /* tblock.cpp in Sources */ = {isa = PBXBuildFile; fileRef = 86B1AD581F910EE60050040C /* tblock.cpp */; };
/* End PBXBuildFile section */

/* Begin PBXCopyFilesBuildPhase section */
		860B33E71F8917A5002AECAB /* CopyFiles */ = {
			isa = PBXCopyFilesBuildPhase;
			buildActionMask = 2147483647;
			dstPath = /usr/share/man/man1/;
			dstSubfolderSpec = 0;
			files = (
			);
			runOnlyForDeploymentPostprocessing = 1;
		};
/* End PBXCopyFilesBuildPhase section */

/* Begin PBXFileReference section */
		860B33E91F8917A5002AECAB /* AKT7 */ = {isa = PBXFileReference; explicitFileType = "compiled.mach-o.executable"; includeInIndex = 0; path = AKT7; sourceTree = BUILT_PRODUCTS_DIR; };
		860B33EC1F8917A5002AECAB /* main.cpp */ = {isa = PBXFileReference; lastKnownFileType = sourcecode.cpp.cpp; path = main.cpp; sourceTree = "<group>"; };
		860B33F51F89196A002AECAB /* tdate.h */ = {isa = PBXFileReference; lastKnownFileType = sourcecode.c.h; path = tdate.h; sourceTree = "<group>"; };
		860B33F61F891B5D002AECAB /* ttime.h */ = {isa = PBXFileReference; lastKnownFileType = sourcecode.c.h; path = ttime.h; sourceTree = "<group>"; };
		860B33F81F891DCB002AECAB /* tdate.cpp */ = {isa = PBXFileReference; lastKnownFileType = sourcecode.cpp.cpp; path = tdate.cpp; sourceTree = "<group>"; };
		860B33FA1F891DFD002AECAB /* ttime.cpp */ = {isa = PBXFileReference; lastKnownFileType = sourcecode.cpp.cpp; path = ttime.cpp; sourceTree = "<group>"; };
		868A132A1FAA39340015B995 /* tevent.h */ = {isa = PBXFileReference; lastKnownFileType = sourcecode.c.h; path = tevent.h; sourceTree = "<group>"; };
		868A132B1FAA3A420015B995 /* tweekday.h */ = {isa = PBXFileReference; lastKnownFileType = sourcecode.c.h; path = tweekday.h; sourceTree = "<group>"; };
		868A132C1FAA41D50015B995 /* tevent.cpp */ = {isa = PBXFileReference; lastKnownFileType = sourcecode.cpp.cpp; path = tevent.cpp; sourceTree = "<group>"; };
		868A132E1FAA46ED0015B995 /* tevents.h */ = {isa = PBXFileReference; lastKnownFileType = sourcecode.c.h; path = tevents.h; sourceTree = "<group>"; };
		868A132F1FAA48500015B995 /* tevents.cpp */ = {isa = PBXFileReference; lastKnownFileType = sourcecode.cpp.cpp; path = tevents.cpp; sourceTree = "<group>"; };
		86B16E191F97C00C00BA6C2A /* taddress.h */ = {isa = PBXFileReference; lastKnownFileType = sourcecode.c.h; path = taddress.h; sourceTree = "<group>"; };
		86B16E1A1F97C04400BA6C2A /* taddress.cpp */ = {isa = PBXFileReference; lastKnownFileType = sourcecode.cpp.cpp; path = taddress.cpp; sourceTree = "<group>"; };
		86B16E1C1F97C43100BA6C2A /* tperson.h */ = {isa = PBXFileReference; lastKnownFileType = sourcecode.c.h; path = tperson.h; sourceTree = "<group>"; };
		86B16E1D1F97C47200BA6C2A /* tperson.cpp */ = {isa = PBXFileReference; lastKnownFileType = sourcecode.cpp.cpp; path = tperson.cpp; sourceTree = "<group>"; };
		86B1AD531F9109E50050040C /* troom.h */ = {isa = PBXFileReference; lastKnownFileType = sourcecode.c.h; path = troom.h; sourceTree = "<group>"; };
		86B1AD551F910A2A0050040C /* troom.cpp */ = {isa = PBXFileReference; lastKnownFileType = sourcecode.cpp.cpp; path = troom.cpp; sourceTree = "<group>"; };
		86B1AD571F910ED40050040C /* tblock.h */ = {isa = PBXFileReference; lastKnownFileType = sourcecode.c.h; path = tblock.h; sourceTree = "<group>"; };
		86B1AD581F910EE60050040C /* tblock.cpp */ = {isa = PBXFileReference; lastKnownFileType = sourcecode.cpp.cpp; path = tblock.cpp; sourceTree = "<group>"; };
/* End PBXFileReference section */

/* Begin PBXFrameworksBuildPhase section */
		860B33E61F8917A5002AECAB /* Frameworks */ = {
			isa = PBXFrameworksBuildPhase;
			buildActionMask = 2147483647;
			files = (
			);
			runOnlyForDeploymentPostprocessing = 0;
		};
/* End PBXFrameworksBuildPhase section */

/* Begin PBXGroup section */
		860B33E01F8917A5002AECAB = {
			isa = PBXGroup;
			children = (
				860B33EB1F8917A5002AECAB /* AKT7 */,
				860B33EA1F8917A5002AECAB /* Products */,
			);
			sourceTree = "<group>";
		};
		860B33EA1F8917A5002AECAB /* Products */ = {
			isa = PBXGroup;
			children = (
				860B33E91F8917A5002AECAB /* AKT7 */,
			);
			name = Products;
			sourceTree = "<group>";
		};
		860B33EB1F8917A5002AECAB /* AKT7 */ = {
			isa = PBXGroup;
			children = (
				860B33F71F891D5A002AECAB /* sources */,
				860B33F31F89186C002AECAB /* header */,
				860B33EC1F8917A5002AECAB /* main.cpp */,
			);
			path = AKT7;
			sourceTree = "<group>";
		};
		860B33F31F89186C002AECAB /* header */ = {
			isa = PBXGroup;
			children = (
				860B33F51F89196A002AECAB /* tdate.h */,
				860B33F61F891B5D002AECAB /* ttime.h */,
				86B1AD531F9109E50050040C /* troom.h */,
				86B1AD571F910ED40050040C /* tblock.h */,
				86B16E191F97C00C00BA6C2A /* taddress.h */,
				86B16E1C1F97C43100BA6C2A /* tperson.h */,
				868A132A1FAA39340015B995 /* tevent.h */,
				868A132B1FAA3A420015B995 /* tweekday.h */,
				868A132E1FAA46ED0015B995 /* tevents.h */,
			);
			path = header;
			sourceTree = "<group>";
		};
		860B33F71F891D5A002AECAB /* sources */ = {
			isa = PBXGroup;
			children = (
				860B33F81F891DCB002AECAB /* tdate.cpp */,
				860B33FA1F891DFD002AECAB /* ttime.cpp */,
				86B1AD551F910A2A0050040C /* troom.cpp */,
				86B1AD581F910EE60050040C /* tblock.cpp */,
				86B16E1A1F97C04400BA6C2A /* taddress.cpp */,
				86B16E1D1F97C47200BA6C2A /* tperson.cpp */,
				868A132C1FAA41D50015B995 /* tevent.cpp */,
				868A132F1FAA48500015B995 /* tevents.cpp */,
			);
			path = sources;
			sourceTree = "<group>";
		};
/* End PBXGroup section */

/* Begin PBXNativeTarget section */
		860B33E81F8917A5002AECAB /* AKT7 */ = {
			isa = PBXNativeTarget;
			buildConfigurationList = 860B33F01F8917A5002AECAB /* Build configuration list for PBXNativeTarget "AKT7" */;
			buildPhases = (
				860B33E51F8917A5002AECAB /* Sources */,
				860B33E61F8917A5002AECAB /* Frameworks */,
				860B33E71F8917A5002AECAB /* CopyFiles */,
			);
			buildRules = (
			);
			dependencies = (
			);
			name = AKT7;
			productName = AKT7;
			productReference = 860B33E91F8917A5002AECAB /* AKT7 */;
			productType = "com.apple.product-type.tool";
		};
/* End PBXNativeTarget section */

/* Begin PBXProject section */
		860B33E11F8917A5002AECAB /* Project object */ = {
			isa = PBXProject;
			attributes = {
				LastUpgradeCheck = 0900;
				ORGANIZATIONNAME = de.TeamBox;
				TargetAttributes = {
					860B33E81F8917A5002AECAB = {
						CreatedOnToolsVersion = 9.0;
						ProvisioningStyle = Automatic;
					};
				};
			};
			buildConfigurationList = 860B33E41F8917A5002AECAB /* Build configuration list for PBXProject "AKT7" */;
			compatibilityVersion = "Xcode 8.0";
			developmentRegion = en;
			hasScannedForEncodings = 0;
			knownRegions = (
				en,
			);
			mainGroup = 860B33E01F8917A5002AECAB;
			productRefGroup = 860B33EA1F8917A5002AECAB /* Products */;
			projectDirPath = "";
			projectRoot = "";
			targets = (
				860B33E81F8917A5002AECAB /* AKT7 */,
			);
		};
/* End PBXProject section */

/* Begin PBXSourcesBuildPhase section */
		860B33E51F8917A5002AECAB /* Sources */ = {
			isa = PBXSourcesBuildPhase;
			buildActionMask = 2147483647;
			files = (
				860B33F91F891DCB002AECAB /* tdate.cpp in Sources */,
				868A132D1FAA41D50015B995 /* tevent.cpp in Sources */,
				86B16E1B1F97C04400BA6C2A /* taddress.cpp in Sources */,
				86B16E1E1F97C47200BA6C2A /* tperson.cpp in Sources */,
				860B33ED1F8917A5002AECAB /* main.cpp in Sources */,
				868A13301FAA48500015B995 /* tevents.cpp in Sources */,
				860B33FB1F891DFD002AECAB /* ttime.cpp in Sources */,
				86B1AD591F910EE60050040C /* tblock.cpp in Sources */,
				86B1AD561F910A2A0050040C /* troom.cpp in Sources */,
			);
			runOnlyForDeploymentPostprocessing = 0;
		};
/* End PBXSourcesBuildPhase section */

/* Begin XCBuildConfiguration section */
		860B33EE1F8917A5002AECAB /* Debug */ = {
			isa = XCBuildConfiguration;
			buildSettings = {
				ALWAYS_SEARCH_USER_PATHS = NO;
				CLANG_ANALYZER_NONNULL = YES;
				CLANG_ANALYZER_NUMBER_OBJECT_CONVERSION = YES_AGGRESSIVE;
				CLANG_CXX_LANGUAGE_STANDARD = "gnu++14";
				CLANG_CXX_LIBRARY = "libc++";
				CLANG_ENABLE_MODULES = YES;
				CLANG_ENABLE_OBJC_ARC = YES;
				CLANG_WARN_BLOCK_CAPTURE_AUTORELEASING = YES;
				CLANG_WARN_BOOL_CONVERSION = YES;
				CLANG_WARN_COMMA = YES;
				CLANG_WARN_CONSTANT_CONVERSION = YES;
				CLANG_WARN_DIRECT_OBJC_ISA_USAGE = YES_ERROR;
				CLANG_WARN_DOCUMENTATION_COMMENTS = YES;
				CLANG_WARN_EMPTY_BODY = YES;
				CLANG_WARN_ENUM_CONVERSION = YES;
				CLANG_WARN_INFINITE_RECURSION = YES;
				CLANG_WARN_INT_CONVERSION = YES;
				CLANG_WARN_NON_LITERAL_NULL_CONVERSION = YES;
				CLANG_WARN_OBJC_LITERAL_CONVERSION = YES;
				CLANG_WARN_OBJC_ROOT_CLASS = YES_ERROR;
				CLANG_WARN_RANGE_LOOP_ANALYSIS = YES;
				CLANG_WARN_STRICT_PROTOTYPES = YES;
				CLANG_WARN_SUSPICIOUS_MOVE = YES;
				CLANG_WARN_UNGUARDED_AVAILABILITY = YES_AGGRESSIVE;
				CLANG_WARN_UNREACHABLE_CODE = YES;
				CLANG_WARN__DUPLICATE_METHOD_MATCH = YES;
				CODE_SIGN_IDENTITY = "-";
				COPY_PHASE_STRIP = NO;
				DEBUG_INFORMATION_FORMAT = dwarf;
				ENABLE_STRICT_OBJC_MSGSEND = YES;
				ENABLE_TESTABILITY = YES;
				GCC_C_LANGUAGE_STANDARD = gnu11;
				GCC_DYNAMIC_NO_PIC = NO;
				GCC_NO_COMMON_BLOCKS = YES;
				GCC_OPTIMIZATION_LEVEL = 0;
				GCC_PREPROCESSOR_DEFINITIONS = (
					"DEBUG=1",
					"$(inherited)",
				);
				GCC_WARN_64_TO_32_BIT_CONVERSION = YES;
				GCC_WARN_ABOUT_RETURN_TYPE = YES_ERROR;
				GCC_WARN_UNDECLARED_SELECTOR = YES;
				GCC_WARN_UNINITIALIZED_AUTOS = YES_AGGRESSIVE;
				GCC_WARN_UNUSED_FUNCTION = YES;
				GCC_WARN_UNUSED_VARIABLE = YES;
				MACOSX_DEPLOYMENT_TARGET = 10.13;
				MTL_ENABLE_DEBUG_INFO = YES;
				ONLY_ACTIVE_ARCH = YES;
				SDKROOT = macosx;
			};
			name = Debug;
		};
		860B33EF1F8917A5002AECAB /* Release */ = {
			isa = XCBuildConfiguration;
			buildSettings = {
				ALWAYS_SEARCH_USER_PATHS = NO;
				CLANG_ANALYZER_NONNULL = YES;
				CLANG_ANALYZER_NUMBER_OBJECT_CONVERSION = YES_AGGRESSIVE;
				CLANG_CXX_LANGUAGE_STANDARD = "gnu++14";
				CLANG_CXX_LIBRARY = "libc++";
				CLANG_ENABLE_MODULES = YES;
				CLANG_ENABLE_OBJC_ARC = YES;
				CLANG_WARN_BLOCK_CAPTURE_AUTORELEASING = YES;
				CLANG_WARN_BOOL_CONVERSION = YES;
				CLANG_WARN_COMMA = YES;
				CLANG_WARN_CONSTANT_CONVERSION = YES;
				CLANG_WARN_DIRECT_OBJC_ISA_USAGE = YES_ERROR;
				CLANG_WARN_DOCUMENTATION_COMMENTS = YES;
				CLANG_WARN_EMPTY_BODY = YES;
				CLANG_WARN_ENUM_CONVERSION = YES;
				CLANG_WARN_INFINITE_RECURSION = YES;
				CLANG_WARN_INT_CONVERSION = YES;
				CLANG_WARN_NON_LITERAL_NULL_CONVERSION = YES;
				CLANG_WARN_OBJC_LITERAL_CONVERSION = YES;
				CLANG_WARN_OBJC_ROOT_CLASS = YES_ERROR;
				CLANG_WARN_RANGE_LOOP_ANALYSIS = YES;
				CLANG_WARN_STRICT_PROTOTYPES = YES;
				CLANG_WARN_SUSPICIOUS_MOVE = YES;
				CLANG_WARN_UNGUARDED_AVAILABILITY = YES_AGGRESSIVE;
				CLANG_WARN_UNREACHABLE_CODE = YES;
				CLANG_WARN__DUPLICATE_METHOD_MATCH = YES;
				CODE_SIGN_IDENTITY = "-";
				COPY_PHASE_STRIP = NO;
				DEBUG_INFORMATION_FORMAT = "dwarf-with-dsym";
				ENABLE_NS_ASSERTIONS = NO;
				ENABLE_STRICT_OBJC_MSGSEND = YES;
				GCC_C_LANGUAGE_STANDARD = gnu11;
				GCC_NO_COMMON_BLOCKS = YES;
				GCC_WARN_64_TO_32_BIT_CONVERSION = YES;
				GCC_WARN_ABOUT_RETURN_TYPE = YES_ERROR;
				GCC_WARN_UNDECLARED_SELECTOR = YES;
				GCC_WARN_UNINITIALIZED_AUTOS = YES_AGGRESSIVE;
				GCC_WARN_UNUSED_FUNCTION = YES;
				GCC_WARN_UNUSED_VARIABLE = YES;
				MACOSX_DEPLOYMENT_TARGET = 10.13;
				MTL_ENABLE_DEBUG_INFO = NO;
				SDKROOT = macosx;
			};
			name = Release;
		};
		860B33F11F8917A5002AECAB /* Debug */ = {
			isa = XCBuildConfiguration;
			buildSettings = {
				CODE_SIGN_STYLE = Automatic;
				MACOSX_DEPLOYMENT_TARGET = 10.12;
				PRODUCT_NAME = "$(TARGET_NAME)";
			};
			name = Debug;
		};
		860B33F21F8917A5002AECAB /* Release */ = {
			isa = XCBuildConfiguration;
			buildSettings = {
				CODE_SIGN_STYLE = Automatic;
				MACOSX_DEPLOYMENT_TARGET = 10.12;
				PRODUCT_NAME = "$(TARGET_NAME)";
			};
			name = Release;
		};
/* End XCBuildConfiguration section */

/* Begin XCConfigurationList section */
		860B33E41F8917A5002AECAB /* Build configuration list for PBXProject "AKT7" */ = {
			isa = XCConfigurationList;
			buildConfigurations = (
				860B33EE1F8917A5002AECAB /* Debug */,
				860B33EF1F8917A5002AECAB /* Release */,
			);
			defaultConfigurationIsVisible = 0;
			defaultConfigurationName = Release;
		};
		860B33F01F8917A5002AECAB /* Build configuration list for PBXNativeTarget "AKT7" */ = {
			isa = XCConfigurationList;
			buildConfigurations = (
				860B33F11F8917A5002AECAB /* Debug */,
				860B33F21F8917A5002AECAB /* Release */,
			);
			defaultConfigurationIsVisible = 0;
			defaultConfigurationName = Release;
		};
/* End XCConfigurationList section */
	};
	rootObject = 860B33E11F8917A5002AECAB /* Project object */;
}
